Microsoft Visual Studio Solution File, Format Version 11.00
# Visual Studio 2008

Project("{4CEB1D5A-DAD7-231B-C3BF-4EF6CB9333B1}") = "CourseMAR", "Assembly-CSharp.csproj", "{EDB2DBF1-CA9F-5031-38FA-031247CFED89}"
EndProject
Global
	GlobalSection(SolutionConfigurationPlatforms) = preSolution
		Debug|Any CPU = Debug|Any CPU
		Release|Any CPU = Release|Any CPU
	EndGlobalSection
	GlobalSection(ProjectConfigurationPlatforms) = postSolution
		{EDB2DBF1-CA9F-5031-38FA-031247CFED89}.Debug|Any CPU.ActiveCfg = Debug|Any CPU
		{EDB2DBF1-CA9F-5031-38FA-031247CFED89}.Debug|Any CPU.Build.0 = Debug|Any CPU
		{EDB2DBF1-CA9F-5031-38FA-031247CFED89}.Release|Any CPU.ActiveCfg = Release|Any CPU
		{EDB2DBF1-CA9F-5031-38FA-031247CFED89}.Release|Any CPU.Build.0 = Release|Any CPU
	EndGlobalSection
	GlobalSection(SolutionProperties) = preSolution
		HideSolutionNode = FALSE
	EndGlobalSection
	GlobalSection(MonoDevelopProperties) = preSolution
		StartupItem = Assembly-CSharp.csproj
	EndGlobalSection
EndGlobal
